// !$*UTF8*$!
{
	archiveVersion = 1;
	classes = {
	};
	objectVersion = 50;
	objects = {

/* Begin PBXBuildFile section */
		228DBC20223643DD0085EBD9 /* PlayerDetailsView.swift in Sources */ = {isa = PBXBuildFile; fileRef = 228DBC1F223643DD0085EBD9 /* PlayerDetailsView.swift */; };
		228DBC282236461C0085EBD9 /* PlayerDetailsView.xib in Resources */ = {isa = PBXBuildFile; fileRef = 228DBC272236461C0085EBD9 /* PlayerDetailsView.xib */; };
		228DBC2A223690C10085EBD9 /* CMTime.swift in Sources */ = {isa = PBXBuildFile; fileRef = 228DBC29223690C10085EBD9 /* CMTime.swift */; };
		2294D5F92237803C006C668C /* PlayerDetailsView+Gestures.swift in Sources */ = {isa = PBXBuildFile; fileRef = 2294D5F82237803C006C668C /* PlayerDetailsView+Gestures.swift */; };
		2294D5FB223786C0006C668C /* UIApplication.swift in Sources */ = {isa = PBXBuildFile; fileRef = 2294D5FA223786C0006C668C /* UIApplication.swift */; };
		229AEE422238F28C009715F8 /* FavoritesController.swift in Sources */ = {isa = PBXBuildFile; fileRef = 229AEE412238F28C009715F8 /* FavoritesController.swift */; };
		229AEE4422390206009715F8 /* FavoritePodcastCell.swift in Sources */ = {isa = PBXBuildFile; fileRef = 229AEE4322390206009715F8 /* FavoritePodcastCell.swift */; };
		229AEE4622391FA3009715F8 /* UserDefaults.swift in Sources */ = {isa = PBXBuildFile; fileRef = 229AEE4522391FA3009715F8 /* UserDefaults.swift */; };
		229AEE482239406F009715F8 /* DownloadsController.swift in Sources */ = {isa = PBXBuildFile; fileRef = 229AEE472239406F009715F8 /* DownloadsController.swift */; };
		22B97DA82233ABAE0096842E /* APIService.swift in Sources */ = {isa = PBXBuildFile; fileRef = 22B97DA72233ABAE0096842E /* APIService.swift */; };
		22B97DAB2233B4870096842E /* PodcastCell.xib in Resources */ = {isa = PBXBuildFile; fileRef = 22B97DAA2233B4870096842E /* PodcastCell.xib */; };
		22B97DAD2233B9120096842E /* PodcastCell.swift in Sources */ = {isa = PBXBuildFile; fileRef = 22B97DAC2233B9120096842E /* PodcastCell.swift */; };
		22C678B422357E910000A7A1 /* Episode.swift in Sources */ = {isa = PBXBuildFile; fileRef = 22C678B322357E910000A7A1 /* Episode.swift */; };
		22C678B722357FD20000A7A1 /* EpisodeCell.swift in Sources */ = {isa = PBXBuildFile; fileRef = 22C678B522357FD20000A7A1 /* EpisodeCell.swift */; };
		22C678B822357FD20000A7A1 /* EpisodeCell.xib in Resources */ = {isa = PBXBuildFile; fileRef = 22C678B622357FD20000A7A1 /* EpisodeCell.xib */; };
		22C678BB22359A670000A7A1 /* String.swift in Sources */ = {isa = PBXBuildFile; fileRef = 22C678BA22359A670000A7A1 /* String.swift */; };
		22C678BD22359C4A0000A7A1 /* RSSFeed.swift in Sources */ = {isa = PBXBuildFile; fileRef = 22C678BC22359C4A0000A7A1 /* RSSFeed.swift */; };
		22CB5AAA2230299F0053D162 /* AppDelegate.swift in Sources */ = {isa = PBXBuildFile; fileRef = 22CB5AA92230299F0053D162 /* AppDelegate.swift */; };
		22CB5AAC2230299F0053D162 /* ViewController.swift in Sources */ = {isa = PBXBuildFile; fileRef = 22CB5AAB2230299F0053D162 /* ViewController.swift */; };
		22CB5AAF2230299F0053D162 /* Main.storyboard in Resources */ = {isa = PBXBuildFile; fileRef = 22CB5AAD2230299F0053D162 /* Main.storyboard */; };
		22CB5AB1223029A20053D162 /* Assets.xcassets in Resources */ = {isa = PBXBuildFile; fileRef = 22CB5AB0223029A20053D162 /* Assets.xcassets */; };
		22CB5AB4223029A20053D162 /* LaunchScreen.storyboard in Resources */ = {isa = PBXBuildFile; fileRef = 22CB5AB2223029A20053D162 /* LaunchScreen.storyboard */; };
		22CB5ABC22302A3A0053D162 /* MainTabBarController.swift in Sources */ = {isa = PBXBuildFile; fileRef = 22CB5ABB22302A3A0053D162 /* MainTabBarController.swift */; };
		22CB5ABF223044210053D162 /* PodcastsSearchController.swift in Sources */ = {isa = PBXBuildFile; fileRef = 22CB5ABE223044210053D162 /* PodcastsSearchController.swift */; };
		22CB5AC22230457E0053D162 /* Podcast.swift in Sources */ = {isa = PBXBuildFile; fileRef = 22CB5AC12230457E0053D162 /* Podcast.swift */; };
		22FF8183223562AD00D57440 /* EpisodesController.swift in Sources */ = {isa = PBXBuildFile; fileRef = 22FF8182223562AD00D57440 /* EpisodesController.swift */; };
		723D9A55D713AA3FE761D16B /* Pods_iPodcasts.framework in Frameworks */ = {isa = PBXBuildFile; fileRef = 4CDE28FFE6D377E2A86AA6D7 /* Pods_iPodcasts.framework */; };
/* End PBXBuildFile section */

/* Begin PBXFileReference section */
		01FAE55D97BDD44023975372 /* Pods-iPodcasts.release.xcconfig */ = {isa = PBXFileReference; includeInIndex = 1; lastKnownFileType = text.xcconfig; name = "Pods-iPodcasts.release.xcconfig"; path = "Target Support Files/Pods-iPodcasts/Pods-iPodcasts.release.xcconfig"; sourceTree = "<group>"; };
		228DBC1F223643DD0085EBD9 /* PlayerDetailsView.swift */ = {isa = PBXFileReference; lastKnownFileType = sourcecode.swift; path = PlayerDetailsView.swift; sourceTree = "<group>"; };
		228DBC272236461C0085EBD9 /* PlayerDetailsView.xib */ = {isa = PBXFileReference; lastKnownFileType = file.xib; path = PlayerDetailsView.xib; sourceTree = "<group>"; };
		228DBC29223690C10085EBD9 /* CMTime.swift */ = {isa = PBXFileReference; lastKnownFileType = sourcecode.swift; path = CMTime.swift; sourceTree = "<group>"; };
		2294D5F82237803C006C668C /* PlayerDetailsView+Gestures.swift */ = {isa = PBXFileReference; lastKnownFileType = sourcecode.swift; path = "PlayerDetailsView+Gestures.swift"; sourceTree = "<group>"; };
		2294D5FA223786C0006C668C /* UIApplication.swift */ = {isa = PBXFileReference; lastKnownFileType = sourcecode.swift; path = UIApplication.swift; sourceTree = "<group>"; };
		229AEE412238F28C009715F8 /* FavoritesController.swift */ = {isa = PBXFileReference; lastKnownFileType = sourcecode.swift; path = FavoritesController.swift; sourceTree = "<group>"; };
		229AEE4322390206009715F8 /* FavoritePodcastCell.swift */ = {isa = PBXFileReference; lastKnownFileType = sourcecode.swift; path = FavoritePodcastCell.swift; sourceTree = "<group>"; };
		229AEE4522391FA3009715F8 /* UserDefaults.swift */ = {isa = PBXFileReference; lastKnownFileType = sourcecode.swift; path = UserDefaults.swift; sourceTree = "<group>"; };
		229AEE472239406F009715F8 /* DownloadsController.swift */ = {isa = PBXFileReference; lastKnownFileType = sourcecode.swift; path = DownloadsController.swift; sourceTree = "<group>"; };
		22B97DA72233ABAE0096842E /* APIService.swift */ = {isa = PBXFileReference; lastKnownFileType = sourcecode.swift; path = APIService.swift; sourceTree = "<group>"; };
		22B97DAA2233B4870096842E /* PodcastCell.xib */ = {isa = PBXFileReference; lastKnownFileType = file.xib; path = PodcastCell.xib; sourceTree = "<group>"; };
		22B97DAC2233B9120096842E /* PodcastCell.swift */ = {isa = PBXFileReference; lastKnownFileType = sourcecode.swift; path = PodcastCell.swift; sourceTree = "<group>"; };
		22C678B322357E910000A7A1 /* Episode.swift */ = {isa = PBXFileReference; lastKnownFileType = sourcecode.swift; path = Episode.swift; sourceTree = "<group>"; };
		22C678B522357FD20000A7A1 /* EpisodeCell.swift */ = {isa = PBXFileReference; lastKnownFileType = sourcecode.swift; path = EpisodeCell.swift; sourceTree = "<group>"; };
		22C678B622357FD20000A7A1 /* EpisodeCell.xib */ = {isa = PBXFileReference; lastKnownFileType = file.xib; path = EpisodeCell.xib; sourceTree = "<group>"; };
		22C678BA22359A670000A7A1 /* String.swift */ = {isa = PBXFileReference; lastKnownFileType = sourcecode.swift; path = String.swift; sourceTree = "<group>"; };
		22C678BC22359C4A0000A7A1 /* RSSFeed.swift */ = {isa = PBXFileReference; lastKnownFileType = sourcecode.swift; path = RSSFeed.swift; sourceTree = "<group>"; };
		22CB5AA62230299F0053D162 /* iPodcasts.app */ = {isa = PBXFileReference; explicitFileType = wrapper.application; includeInIndex = 0; path = iPodcasts.app; sourceTree = BUILT_PRODUCTS_DIR; };
		22CB5AA92230299F0053D162 /* AppDelegate.swift */ = {isa = PBXFileReference; lastKnownFileType = sourcecode.swift; path = AppDelegate.swift; sourceTree = "<group>"; };
		22CB5AAB2230299F0053D162 /* ViewController.swift */ = {isa = PBXFileReference; lastKnownFileType = sourcecode.swift; path = ViewController.swift; sourceTree = "<group>"; };
		22CB5AAE2230299F0053D162 /* Base */ = {isa = PBXFileReference; lastKnownFileType = file.storyboard; name = Base; path = Base.lproj/Main.storyboard; sourceTree = "<group>"; };
		22CB5AB0223029A20053D162 /* Assets.xcassets */ = {isa = PBXFileReference; lastKnownFileType = folder.assetcatalog; path = Assets.xcassets; sourceTree = "<group>"; };
		22CB5AB3223029A20053D162 /* Base */ = {isa = PBXFileReference; lastKnownFileType = file.storyboard; name = Base; path = Base.lproj/LaunchScreen.storyboard; sourceTree = "<group>"; };
		22CB5AB5223029A20053D162 /* Info.plist */ = {isa = PBXFileReference; lastKnownFileType = text.plist.xml; path = Info.plist; sourceTree = "<group>"; };
		22CB5ABB22302A3A0053D162 /* MainTabBarController.swift */ = {isa = PBXFileReference; lastKnownFileType = sourcecode.swift; path = MainTabBarController.swift; sourceTree = "<group>"; };
		22CB5ABE223044210053D162 /* PodcastsSearchController.swift */ = {isa = PBXFileReference; lastKnownFileType = sourcecode.swift; path = PodcastsSearchController.swift; sourceTree = "<group>"; };
		22CB5AC12230457E0053D162 /* Podcast.swift */ = {isa = PBXFileReference; lastKnownFileType = sourcecode.swift; path = Podcast.swift; sourceTree = "<group>"; };
		22FF8182223562AD00D57440 /* EpisodesController.swift */ = {isa = PBXFileReference; lastKnownFileType = sourcecode.swift; path = EpisodesController.swift; sourceTree = "<group>"; };
		4CDE28FFE6D377E2A86AA6D7 /* Pods_iPodcasts.framework */ = {isa = PBXFileReference; explicitFileType = wrapper.framework; includeInIndex = 0; path = Pods_iPodcasts.framework; sourceTree = BUILT_PRODUCTS_DIR; };
		CBB5FE202C05A59421DFC065 /* Pods-iPodcasts.debug.xcconfig */ = {isa = PBXFileReference; includeInIndex = 1; lastKnownFileType = text.xcconfig; name = "Pods-iPodcasts.debug.xcconfig"; path = "Target Support Files/Pods-iPodcasts/Pods-iPodcasts.debug.xcconfig"; sourceTree = "<group>"; };
/* End PBXFileReference section */

/* Begin PBXFrameworksBuildPhase section */
		22CB5AA32230299F0053D162 /* Frameworks */ = {
			isa = PBXFrameworksBuildPhase;
			buildActionMask = 2147483647;
			files = (
				723D9A55D713AA3FE761D16B /* Pods_iPodcasts.framework in Frameworks */,
			);
			runOnlyForDeploymentPostprocessing = 0;
		};
/* End PBXFrameworksBuildPhase section */

/* Begin PBXGroup section */
		22B97DA62233AB7B0096842E /* API */ = {
			isa = PBXGroup;
			children = (
				22B97DA72233ABAE0096842E /* APIService.swift */,
			);
			path = API;
			sourceTree = "<group>";
		};
		22B97DA92233B41F0096842E /* Views */ = {
			isa = PBXGroup;
			children = (
				22B97DAA2233B4870096842E /* PodcastCell.xib */,
				22B97DAC2233B9120096842E /* PodcastCell.swift */,
				22C678B522357FD20000A7A1 /* EpisodeCell.swift */,
				22C678B622357FD20000A7A1 /* EpisodeCell.xib */,
				228DBC1F223643DD0085EBD9 /* PlayerDetailsView.swift */,
				228DBC272236461C0085EBD9 /* PlayerDetailsView.xib */,
				2294D5F82237803C006C668C /* PlayerDetailsView+Gestures.swift */,
				229AEE4322390206009715F8 /* FavoritePodcastCell.swift */,
			);
			path = Views;
			sourceTree = "<group>";
		};
		22C678B922359A4F0000A7A1 /* Extensions */ = {
			isa = PBXGroup;
			children = (
				22C678BA22359A670000A7A1 /* String.swift */,
				22C678BC22359C4A0000A7A1 /* RSSFeed.swift */,
				228DBC29223690C10085EBD9 /* CMTime.swift */,
				2294D5FA223786C0006C668C /* UIApplication.swift */,
				229AEE4522391FA3009715F8 /* UserDefaults.swift */,
			);
			path = Extensions;
			sourceTree = "<group>";
		};
		22CB5A9D2230299F0053D162 = {
			isa = PBXGroup;
			children = (
				22CB5AA82230299F0053D162 /* iPodcasts */,
				22CB5AA72230299F0053D162 /* Products */,
				E2AE6D915232F0DBADFD27ED /* Pods */,
				DCD0556DA8C9EEF947AA6015 /* Frameworks */,
			);
			sourceTree = "<group>";
		};
		22CB5AA72230299F0053D162 /* Products */ = {
			isa = PBXGroup;
			children = (
				22CB5AA62230299F0053D162 /* iPodcasts.app */,
			);
			name = Products;
			sourceTree = "<group>";
		};
		22CB5AA82230299F0053D162 /* iPodcasts */ = {
			isa = PBXGroup;
			children = (
				22C678B922359A4F0000A7A1 /* Extensions */,
				22B97DA62233AB7B0096842E /* API */,
				22CB5AC0223045410053D162 /* Models */,
				22B97DA92233B41F0096842E /* Views */,
				22CB5ABD223043E00053D162 /* Controllers */,
				22CB5AA92230299F0053D162 /* AppDelegate.swift */,
				22CB5AAB2230299F0053D162 /* ViewController.swift */,
				22CB5AAD2230299F0053D162 /* Main.storyboard */,
				22CB5AB0223029A20053D162 /* Assets.xcassets */,
				22CB5AB2223029A20053D162 /* LaunchScreen.storyboard */,
				22CB5AB5223029A20053D162 /* Info.plist */,
			);
			path = iPodcasts;
			sourceTree = "<group>";
		};
		22CB5ABD223043E00053D162 /* Controllers */ = {
			isa = PBXGroup;
			children = (
				22CB5ABE223044210053D162 /* PodcastsSearchController.swift */,
				22FF8182223562AD00D57440 /* EpisodesController.swift */,
				229AEE412238F28C009715F8 /* FavoritesController.swift */,
				22CB5ABB22302A3A0053D162 /* MainTabBarController.swift */,
				229AEE472239406F009715F8 /* DownloadsController.swift */,
			);
			path = Controllers;
			sourceTree = "<group>";
		};
		22CB5AC0223045410053D162 /* Models */ = {
			isa = PBXGroup;
			children = (
				22CB5AC12230457E0053D162 /* Podcast.swift */,
				22C678B322357E910000A7A1 /* Episode.swift */,
			);
			path = Models;
			sourceTree = "<group>";
		};
		DCD0556DA8C9EEF947AA6015 /* Frameworks */ = {
			isa = PBXGroup;
			children = (
				4CDE28FFE6D377E2A86AA6D7 /* Pods_iPodcasts.framework */,
			);
			name = Frameworks;
			sourceTree = "<group>";
		};
		E2AE6D915232F0DBADFD27ED /* Pods */ = {
			isa = PBXGroup;
			children = (
				CBB5FE202C05A59421DFC065 /* Pods-iPodcasts.debug.xcconfig */,
				01FAE55D97BDD44023975372 /* Pods-iPodcasts.release.xcconfig */,
			);
			path = Pods;
			sourceTree = "<group>";
		};
/* End PBXGroup section */

/* Begin PBXNativeTarget section */
		22CB5AA52230299F0053D162 /* iPodcasts */ = {
			isa = PBXNativeTarget;
			buildConfigurationList = 22CB5AB8223029A20053D162 /* Build configuration list for PBXNativeTarget "iPodcasts" */;
			buildPhases = (
				65E9DD48D6349EB2DFE9E60A /* [CP] Check Pods Manifest.lock */,
				22CB5AA22230299F0053D162 /* Sources */,
				22CB5AA32230299F0053D162 /* Frameworks */,
				22CB5AA42230299F0053D162 /* Resources */,
				48D24DE2F0F085AFD20922CC /* [CP] Embed Pods Frameworks */,
			);
			buildRules = (
			);
			dependencies = (
			);
			name = iPodcasts;
			productName = iPodcasts;
			productReference = 22CB5AA62230299F0053D162 /* iPodcasts.app */;
			productType = "com.apple.product-type.application";
		};
/* End PBXNativeTarget section */

/* Begin PBXProject section */
		22CB5A9E2230299F0053D162 /* Project object */ = {
			isa = PBXProject;
			attributes = {
				LastSwiftUpdateCheck = 1010;
				LastUpgradeCheck = 1010;
				ORGANIZATIONNAME = macOS;
				TargetAttributes = {
					22CB5AA52230299F0053D162 = {
						CreatedOnToolsVersion = 10.1;
						SystemCapabilities = {
							com.apple.BackgroundModes = {
								enabled = 1;
							};
						};
					};
				};
			};
			buildConfigurationList = 22CB5AA12230299F0053D162 /* Build configuration list for PBXProject "iPodcasts" */;
			compatibilityVersion = "Xcode 9.3";
			developmentRegion = en;
			hasScannedForEncodings = 0;
			knownRegions = (
				en,
				Base,
			);
			mainGroup = 22CB5A9D2230299F0053D162;
			productRefGroup = 22CB5AA72230299F0053D162 /* Products */;
			projectDirPath = "";
			projectRoot = "";
			targets = (
				22CB5AA52230299F0053D162 /* iPodcasts */,
			);
		};
/* End PBXProject section */

/* Begin PBXResourcesBuildPhase section */
		22CB5AA42230299F0053D162 /* Resources */ = {
			isa = PBXResourcesBuildPhase;
			buildActionMask = 2147483647;
			files = (
				228DBC282236461C0085EBD9 /* PlayerDetailsView.xib in Resources */,
				22CB5AB4223029A20053D162 /* LaunchScreen.storyboard in Resources */,
				22CB5AB1223029A20053D162 /* Assets.xcassets in Resources */,
				22C678B822357FD20000A7A1 /* EpisodeCell.xib in Resources */,
				22B97DAB2233B4870096842E /* PodcastCell.xib in Resources */,
				22CB5AAF2230299F0053D162 /* Main.storyboard in Resources */,
			);
			runOnlyForDeploymentPostprocessing = 0;
		};
/* End PBXResourcesBuildPhase section */

/* Begin PBXShellScriptBuildPhase section */
		48D24DE2F0F085AFD20922CC /* [CP] Embed Pods Frameworks */ = {
			isa = PBXShellScriptBuildPhase;
			buildActionMask = 2147483647;
			files = (
			);
			inputFileListPaths = (
			);
			inputPaths = (
				"${PODS_ROOT}/Target Support Files/Pods-iPodcasts/Pods-iPodcasts-frameworks.sh",
				"${BUILT_PRODUCTS_DIR}/Alamofire/Alamofire.framework",
				"${BUILT_PRODUCTS_DIR}/FeedKit/FeedKit.framework",
				"${BUILT_PRODUCTS_DIR}/SDWebImage/SDWebImage.framework",
			);
			name = "[CP] Embed Pods Frameworks";
			outputFileListPaths = (
			);
			outputPaths = (
				"${TARGET_BUILD_DIR}/${FRAMEWORKS_FOLDER_PATH}/Alamofire.framework",
				"${TARGET_BUILD_DIR}/${FRAMEWORKS_FOLDER_PATH}/FeedKit.framework",
				"${TARGET_BUILD_DIR}/${FRAMEWORKS_FOLDER_PATH}/SDWebImage.framework",
			);
			runOnlyForDeploymentPostprocessing = 0;
			shellPath = /bin/sh;
			shellScript = "\"${PODS_ROOT}/Target Support Files/Pods-iPodcasts/Pods-iPodcasts-frameworks.sh\"\n";
			showEnvVarsInLog = 0;
		};
		65E9DD48D6349EB2DFE9E60A /* [CP] Check Pods Manifest.lock */ = {
			isa = PBXShellScriptBuildPhase;
			buildActionMask = 2147483647;
			files = (
			);
			inputFileListPaths = (
			);
			inputPaths = (
				"${PODS_PODFILE_DIR_PATH}/Podfile.lock",
				"${PODS_ROOT}/Manifest.lock",
			);
			name = "[CP] Check Pods Manifest.lock";
			outputFileListPaths = (
			);
			outputPaths = (
				"$(DERIVED_FILE_DIR)/Pods-iPodcasts-checkManifestLockResult.txt",
			);
			runOnlyForDeploymentPostprocessing = 0;
			shellPath = /bin/sh;
			shellScript = "diff \"${PODS_PODFILE_DIR_PATH}/Podfile.lock\" \"${PODS_ROOT}/Manifest.lock\" > /dev/null\nif [ $? != 0 ] ; then\n    # print error to STDERR\n    echo \"error: The sandbox is not in sync with the Podfile.lock. Run 'pod install' or update your CocoaPods installation.\" >&2\n    exit 1\nfi\n# This output is used by Xcode 'outputs' to avoid re-running this script phase.\necho \"SUCCESS\" > \"${SCRIPT_OUTPUT_FILE_0}\"\n";
			showEnvVarsInLog = 0;
		};
/* End PBXShellScriptBuildPhase section */

/* Begin PBXSourcesBuildPhase section */
		22CB5AA22230299F0053D162 /* Sources */ = {
			isa = PBXSourcesBuildPhase;
			buildActionMask = 2147483647;
			files = (
				229AEE4422390206009715F8 /* FavoritePodcastCell.swift in Sources */,
				2294D5FB223786C0006C668C /* UIApplication.swift in Sources */,
				22C678BD22359C4A0000A7A1 /* RSSFeed.swift in Sources */,
				228DBC20223643DD0085EBD9 /* PlayerDetailsView.swift in Sources */,
				229AEE422238F28C009715F8 /* FavoritesController.swift in Sources */,
				22CB5ABF223044210053D162 /* PodcastsSearchController.swift in Sources */,
				22C678BB22359A670000A7A1 /* String.swift in Sources */,
				228DBC2A223690C10085EBD9 /* CMTime.swift in Sources */,
				22CB5AAC2230299F0053D162 /* ViewController.swift in Sources */,
				22CB5AAA2230299F0053D162 /* AppDelegate.swift in Sources */,
				2294D5F92237803C006C668C /* PlayerDetailsView+Gestures.swift in Sources */,
				22FF8183223562AD00D57440 /* EpisodesController.swift in Sources */,
				22CB5ABC22302A3A0053D162 /* MainTabBarController.swift in Sources */,
				229AEE4622391FA3009715F8 /* UserDefaults.swift in Sources */,
				22C678B722357FD20000A7A1 /* EpisodeCell.swift in Sources */,
				229AEE482239406F009715F8 /* DownloadsController.swift in Sources */,
				22B97DA82233ABAE0096842E /* APIService.swift in Sources */,
				22CB5AC22230457E0053D162 /* Podcast.swift in Sources */,
				22C678B422357E910000A7A1 /* Episode.swift in Sources */,
				22B97DAD2233B9120096842E /* PodcastCell.swift in Sources */,
			);
			runOnlyForDeploymentPostprocessing = 0;
		};
/* End PBXSourcesBuildPhase section */

/* Begin PBXVariantGroup section */
		22CB5AAD2230299F0053D162 /* Main.storyboard */ = {
			isa = PBXVariantGroup;
			children = (
				22CB5AAE2230299F0053D162 /* Base */,
			);
			name = Main.storyboard;
			sourceTree = "<group>";
		};
		22CB5AB2223029A20053D162 /* LaunchScreen.storyboard */ = {
			isa = PBXVariantGroup;
			children = (
				22CB5AB3223029A20053D162 /* Base */,
			);
			name = LaunchScreen.storyboard;
			sourceTree = "<group>";
		};
/* End PBXVariantGroup section */

/* Begin XCBuildConfiguration section */
		22CB5AB6223029A20053D162 /* Debug */ = {
			isa = XCBuildConfiguration;
			buildSettings = {
				ALWAYS_SEARCH_USER_PATHS = NO;
				CLANG_ANALYZER_NONNULL = YES;
				CLANG_ANALYZER_NUMBER_OBJECT_CONVERSION = YES_AGGRESSIVE;
				CLANG_CXX_LANGUAGE_STANDARD = "gnu++14";
				CLANG_CXX_LIBRARY = "libc++";
				CLANG_ENABLE_MODULES = YES;
				CLANG_ENABLE_OBJC_ARC = YES;
				CLANG_ENABLE_OBJC_WEAK = YES;
				CLANG_WARN_BLOCK_CAPTURE_AUTORELEASING = YES;
				CLANG_WARN_BOOL_CONVERSION = YES;
				CLANG_WARN_COMMA = YES;
				CLANG_WARN_CONSTANT_CONVERSION = YES;
				CLANG_WARN_DEPRECATED_OBJC_IMPLEMENTATIONS = YES;
				CLANG_WARN_DIRECT_OBJC_ISA_USAGE = YES_ERROR;
				CLANG_WARN_DOCUMENTATION_COMMENTS = YES;
				CLANG_WARN_EMPTY_BODY = YES;
				CLANG_WARN_ENUM_CONVERSION = YES;
				CLANG_WARN_INFINITE_RECURSION = YES;
				CLANG_WARN_INT_CONVERSION = YES;
				CLANG_WARN_NON_LITERAL_NULL_CONVERSION = YES;
				CLANG_WARN_OBJC_IMPLICIT_RETAIN_SELF = YES;
				CLANG_WARN_OBJC_LITERAL_CONVERSION = YES;
				CLANG_WARN_OBJC_ROOT_CLASS = YES_ERROR;
				CLANG_WARN_RANGE_LOOP_ANALYSIS = YES;
				CLANG_WARN_STRICT_PROTOTYPES = YES;
				CLANG_WARN_SUSPICIOUS_MOVE = YES;
				CLANG_WARN_UNGUARDED_AVAILABILITY = YES_AGGRESSIVE;
				CLANG_WARN_UNREACHABLE_CODE = YES;
				CLANG_WARN__DUPLICATE_METHOD_MATCH = YES;
				CODE_SIGN_IDENTITY = "iPhone Developer";
				COPY_PHASE_STRIP = NO;
				DEBUG_INFORMATION_FORMAT = dwarf;
				ENABLE_STRICT_OBJC_MSGSEND = YES;
				ENABLE_TESTABILITY = YES;
				GCC_C_LANGUAGE_STANDARD = gnu11;
				GCC_DYNAMIC_NO_PIC = NO;
				GCC_NO_COMMON_BLOCKS = YES;
				GCC_OPTIMIZATION_LEVEL = 0;
				GCC_PREPROCESSOR_DEFINITIONS = (
					"DEBUG=1",
					"$(inherited)",
				);
				GCC_WARN_64_TO_32_BIT_CONVERSION = YES;
				GCC_WARN_ABOUT_RETURN_TYPE = YES_ERROR;
				GCC_WARN_UNDECLARED_SELECTOR = YES;
				GCC_WARN_UNINITIALIZED_AUTOS = YES_AGGRESSIVE;
				GCC_WARN_UNUSED_FUNCTION = YES;
				GCC_WARN_UNUSED_VARIABLE = YES;
				IPHONEOS_DEPLOYMENT_TARGET = 12.1;
				MTL_ENABLE_DEBUG_INFO = INCLUDE_SOURCE;
				MTL_FAST_MATH = YES;
				ONLY_ACTIVE_ARCH = YES;
				SDKROOT = iphoneos;
				SWIFT_ACTIVE_COMPILATION_CONDITIONS = DEBUG;
				SWIFT_OPTIMIZATION_LEVEL = "-Onone";
			};
			name = Debug;
		};
		22CB5AB7223029A20053D162 /* Release */ = {
			isa = XCBuildConfiguration;
			buildSettings = {
				ALWAYS_SEARCH_USER_PATHS = NO;
				CLANG_ANALYZER_NONNULL = YES;
				CLANG_ANALYZER_NUMBER_OBJECT_CONVERSION = YES_AGGRESSIVE;
				CLANG_CXX_LANGUAGE_STANDARD = "gnu++14";
				CLANG_CXX_LIBRARY = "libc++";
				CLANG_ENABLE_MODULES = YES;
				CLANG_ENABLE_OBJC_ARC = YES;
				CLANG_ENABLE_OBJC_WEAK = YES;
				CLANG_WARN_BLOCK_CAPTURE_AUTORELEASING = YES;
				CLANG_WARN_BOOL_CONVERSION = YES;
				CLANG_WARN_COMMA = YES;
				CLANG_WARN_CONSTANT_CONVERSION = YES;
				CLANG_WARN_DEPRECATED_OBJC_IMPLEMENTATIONS = YES;
				CLANG_WARN_DIRECT_OBJC_ISA_USAGE = YES_ERROR;
				CLANG_WARN_DOCUMENTATION_COMMENTS = YES;
				CLANG_WARN_EMPTY_BODY = YES;
				CLANG_WARN_ENUM_CONVERSION = YES;
				CLANG_WARN_INFINITE_RECURSION = YES;
				CLANG_WARN_INT_CONVERSION = YES;
				CLANG_WARN_NON_LITERAL_NULL_CONVERSION = YES;
				CLANG_WARN_OBJC_IMPLICIT_RETAIN_SELF = YES;
				CLANG_WARN_OBJC_LITERAL_CONVERSION = YES;
				CLANG_WARN_OBJC_ROOT_CLASS = YES_ERROR;
				CLANG_WARN_RANGE_LOOP_ANALYSIS = YES;
				CLANG_WARN_STRICT_PROTOTYPES = YES;
				CLANG_WARN_SUSPICIOUS_MOVE = YES;
				CLANG_WARN_UNGUARDED_AVAILABILITY = YES_AGGRESSIVE;
				CLANG_WARN_UNREACHABLE_CODE = YES;
				CLANG_WARN__DUPLICATE_METHOD_MATCH = YES;
				CODE_SIGN_IDENTITY = "iPhone Developer";
				COPY_PHASE_STRIP = NO;
				DEBUG_INFORMATION_FORMAT = "dwarf-with-dsym";
				ENABLE_NS_ASSERTIONS = NO;
				ENABLE_STRICT_OBJC_MSGSEND = YES;
				GCC_C_LANGUAGE_STANDARD = gnu11;
				GCC_NO_COMMON_BLOCKS = YES;
				GCC_WARN_64_TO_32_BIT_CONVERSION = YES;
				GCC_WARN_ABOUT_RETURN_TYPE = YES_ERROR;
				GCC_WARN_UNDECLARED_SELECTOR = YES;
				GCC_WARN_UNINITIALIZED_AUTOS = YES_AGGRESSIVE;
				GCC_WARN_UNUSED_FUNCTION = YES;
				GCC_WARN_UNUSED_VARIABLE = YES;
				IPHONEOS_DEPLOYMENT_TARGET = 12.1;
				MTL_ENABLE_DEBUG_INFO = NO;
				MTL_FAST_MATH = YES;
				SDKROOT = iphoneos;
				SWIFT_COMPILATION_MODE = wholemodule;
				SWIFT_OPTIMIZATION_LEVEL = "-O";
				VALIDATE_PRODUCT = YES;
			};
			name = Release;
		};
		22CB5AB9223029A20053D162 /* Debug */ = {
			isa = XCBuildConfiguration;
			baseConfigurationReference = CBB5FE202C05A59421DFC065 /* Pods-iPodcasts.debug.xcconfig */;
			buildSettings = {
				ASSETCATALOG_COMPILER_APPICON_NAME = AppIcon;
				CODE_SIGN_STYLE = Automatic;
				DEVELOPMENT_TEAM = LB2WU2735N;
				INFOPLIST_FILE = iPodcasts/Info.plist;
				LD_RUNPATH_SEARCH_PATHS = (
					"$(inherited)",
					"@executable_path/Frameworks",
				);
				PRODUCT_BUNDLE_IDENTIFIER = com.steemmnf.iPodcasts;
				PRODUCT_NAME = "$(TARGET_NAME)";
				SWIFT_VERSION = 4.2;
				TARGETED_DEVICE_FAMILY = "1,2";
			};
			name = Debug;
		};
		22CB5ABA223029A20053D162 /* Release */ = {
			isa = XCBuildConfiguration;
			baseConfigurationReference = 01FAE55D97BDD44023975372 /* Pods-iPodcasts.release.xcconfig */;
			buildSettings = {
				ASSETCATALOG_COMPILER_APPICON_NAME = AppIcon;
				CODE_SIGN_STYLE = Automatic;
				DEVELOPMENT_TEAM = LB2WU2735N;
				INFOPLIST_FILE = iPodcasts/Info.plist;
				LD_RUNPATH_SEARCH_PATHS = (
					"$(inherited)",
					"@executable_path/Frameworks",
				);
				PRODUCT_BUNDLE_IDENTIFIER = com.steemmnf.iPodcasts;
				PRODUCT_NAME = "$(TARGET_NAME)";
				SWIFT_VERSION = 4.2;
				TARGETED_DEVICE_FAMILY = "1,2";
			};
			name = Release;
		};
/* End XCBuildConfiguration section */

/* Begin XCConfigurationList section */
		22CB5AA12230299F0053D162 /* Build configuration list for PBXProject "iPodcasts" */ = {
			isa = XCConfigurationList;
			buildConfigurations = (
				22CB5AB6223029A20053D162 /* Debug */,
				22CB5AB7223029A20053D162 /* Release */,
			);
			defaultConfigurationIsVisible = 0;
			defaultConfigurationName = Release;
		};
		22CB5AB8223029A20053D162 /* Build configuration list for PBXNativeTarget "iPodcasts" */ = {
			isa = XCConfigurationList;
			buildConfigurations = (
				22CB5AB9223029A20053D162 /* Debug */,
				22CB5ABA223029A20053D162 /* Release */,
			);
			defaultConfigurationIsVisible = 0;
			defaultConfigurationName = Release;
		};
/* End XCConfigurationList section */
	};
	rootObject = 22CB5A9E2230299F0053D162 /* Project object */;
}
